
Microsoft Visual Studio Solution File, Format Version 12.00
# Visual Studio Version 17
VisualStudioVersion = 17.3.32901.215
MinimumVisualStudioVersion = 10.0.40219.1
Project("{FAE04EC0-301F-11D3-BF4B-00C04F79EFBC}") = "Book_Dater", "Book_Dater\Book_Dater.csproj", "{F6EDB01E-1C28-4325-9925-494FEA906C8F}"
EndProject
Global
	GlobalSection(SolutionConfigurationPlatforms) = preSolution
		Debug|Any CPU = Debug|Any CPU
		Release|Any CPU = Release|Any CPU
	EndGlobalSection
	GlobalSection(ProjectConfigurationPlatforms) = postSolution
		{F6EDB01E-1C28-4325-9925-494FEA906C8F}.Debug|Any CPU.ActiveCfg = Debug|Any CPU
		{F6EDB01E-1C28-4325-9925-494FEA906C8F}.Debug|Any CPU.Build.0 = Debug|Any CPU
		{F6EDB01E-1C28-4325-9925-494FEA906C8F}.Release|Any CPU.ActiveCfg = Release|Any CPU
		{F6EDB01E-1C28-4325-9925-494FEA906C8F}.Release|Any CPU.Build.0 = Release|Any CPU
	EndGlobalSection
	GlobalSection(SolutionProperties) = preSolution
		HideSolutionNode = FALSE
	EndGlobalSection
	GlobalSection(ExtensibilityGlobals) = postSolution
		SolutionGuid = {DB634AD7-DE47-421D-A616-82A139AA7735}
	EndGlobalSection
EndGlobal
